
Microsoft Visual Studio Solution File, Format Version 12.00
# Visual Studio Version 16
VisualStudioVersion = 16.0.31829.152
MinimumVisualStudioVersion = 10.0.40219.1
Project("{FAE04EC0-301F-11D3-BF4B-00C04F79EFBC}") = "Testthuattoan", "Testthuattoan.csproj", "{AE0367FC-BD11-44F8-8D1C-795E5BCA9C27}"
EndProject
Global
	GlobalSection(SolutionConfigurationPlatforms) = preSolution
		Debug|Any CPU = Debug|Any CPU
		Release|Any CPU = Release|Any CPU
	EndGlobalSection
	GlobalSection(ProjectConfigurationPlatforms) = postSolution
		{AE0367FC-BD11-44F8-8D1C-795E5BCA9C27}.Debug|Any CPU.ActiveCfg = Debug|Any CPU
		{AE0367FC-BD11-44F8-8D1C-795E5BCA9C27}.Debug|Any CPU.Build.0 = Debug|Any CPU
		{AE0367FC-BD11-44F8-8D1C-795E5BCA9C27}.Release|Any CPU.ActiveCfg = Release|Any CPU
		{AE0367FC-BD11-44F8-8D1C-795E5BCA9C27}.Release|Any CPU.Build.0 = Release|Any CPU
	EndGlobalSection
	GlobalSection(SolutionProperties) = preSolution
		HideSolutionNode = FALSE
	EndGlobalSection
	GlobalSection(ExtensibilityGlobals) = postSolution
		SolutionGuid = {7F4F5024-F56C-4CCB-B1D1-8B9EDD682B43}
	EndGlobalSection
EndGlobal
